
Microsoft Visual Studio Solution File, Format Version 12.00
# Visual Studio Version 17
VisualStudioVersion = 17.5.002.0
MinimumVisualStudioVersion = 10.0.40219.1
Project("{9A19103F-16F7-4668-BE54-9A1E7A4F7556}") = "Fridge.API", "Fridge.API.csproj", "{2F0A8004-3A46-49F2-A2E2-BEE0E3C1868A}"
EndProject
Global
	GlobalSection(SolutionConfigurationPlatforms) = preSolution
		Debug|Any CPU = Debug|Any CPU
		Release|Any CPU = Release|Any CPU
	EndGlobalSection
	GlobalSection(ProjectConfigurationPlatforms) = postSolution
		{2F0A8004-3A46-49F2-A2E2-BEE0E3C1868A}.Debug|Any CPU.ActiveCfg = Debug|Any CPU
		{2F0A8004-3A46-49F2-A2E2-BEE0E3C1868A}.Debug|Any CPU.Build.0 = Debug|Any CPU
		{2F0A8004-3A46-49F2-A2E2-BEE0E3C1868A}.Release|Any CPU.ActiveCfg = Release|Any CPU
		{2F0A8004-3A46-49F2-A2E2-BEE0E3C1868A}.Release|Any CPU.Build.0 = Release|Any CPU
	EndGlobalSection
	GlobalSection(SolutionProperties) = preSolution
		HideSolutionNode = FALSE
	EndGlobalSection
	GlobalSection(ExtensibilityGlobals) = postSolution
		SolutionGuid = {C015CEE3-EA1F-4320-8A57-E794C6DF97D9}
	EndGlobalSection
EndGlobal
